
Microsoft Visual Studio Solution File, Format Version 12.00
# Visual Studio Version 17
VisualStudioVersion = 17.14.36408.4 d17.14
MinimumVisualStudioVersion = 10.0.40219.1
Project("{FAE04EC0-301F-11D3-BF4B-00C04F79EFBC}") = "TimeConsoleApp1", "TimeConsoleApp1\TimeConsoleApp1.csproj", "{09C07F5D-569C-4463-9C5A-71AE1F362593}"
EndProject
Project("{FAE04EC0-301F-11D3-BF4B-00C04F79EFBC}") = "TimeLibrary", "TimeLibrary\TimeLibrary.csproj", "{C757E53A-6FD1-4EAA-88E2-DA92B71BB44F}"
EndProject
Global
	GlobalSection(SolutionConfigurationPlatforms) = preSolution
		Debug|Any CPU = Debug|Any CPU
		Release|Any CPU = Release|Any CPU
	EndGlobalSection
	GlobalSection(ProjectConfigurationPlatforms) = postSolution
		{09C07F5D-569C-4463-9C5A-71AE1F362593}.Debug|Any CPU.ActiveCfg = Debug|Any CPU
		{09C07F5D-569C-4463-9C5A-71AE1F362593}.Debug|Any CPU.Build.0 = Debug|Any CPU
		{09C07F5D-569C-4463-9C5A-71AE1F362593}.Release|Any CPU.ActiveCfg = Release|Any CPU
		{09C07F5D-569C-4463-9C5A-71AE1F362593}.Release|Any CPU.Build.0 = Release|Any CPU
		{C757E53A-6FD1-4EAA-88E2-DA92B71BB44F}.Debug|Any CPU.ActiveCfg = Debug|Any CPU
		{C757E53A-6FD1-4EAA-88E2-DA92B71BB44F}.Debug|Any CPU.Build.0 = Debug|Any CPU
		{C757E53A-6FD1-4EAA-88E2-DA92B71BB44F}.Release|Any CPU.ActiveCfg = Release|Any CPU
		{C757E53A-6FD1-4EAA-88E2-DA92B71BB44F}.Release|Any CPU.Build.0 = Release|Any CPU
	EndGlobalSection
	GlobalSection(SolutionProperties) = preSolution
		HideSolutionNode = FALSE
	EndGlobalSection
	GlobalSection(ExtensibilityGlobals) = postSolution
		SolutionGuid = {8B8FAC07-E96F-481F-85B5-32C4EDDBDE8B}
	EndGlobalSection
EndGlobal
